
Microsoft Visual Studio Solution File, Format Version 12.00
# Visual Studio Version 16
VisualStudioVersion = 16.6.30114.105
MinimumVisualStudioVersion = 10.0.40219.1
Project("{9A19103F-16F7-4668-BE54-9A1E7A4F7556}") = "AccountService.SqlServerMigrations", "AccountService.SqlServerMigrations\AccountService.SqlServerMigrations.csproj", "{AFE0FC9E-B437-4B70-9E6F-F3F2428B83D9}"
EndProject
Project("{9A19103F-16F7-4668-BE54-9A1E7A4F7556}") = "AccountService", "AccountService\AccountService.csproj", "{50C934C2-15E7-4C68-A07F-20ADA76B05DD}"
EndProject
Project("{9A19103F-16F7-4668-BE54-9A1E7A4F7556}") = "AccountService.Data", "AccountService.Data\AccountService.Data.csproj", "{60086466-29F8-440E-B1BB-71511E784500}"
EndProject
Project("{FAE04EC0-301F-11D3-BF4B-00C04F79EFBC}") = "AccountService.NpgsqlMigrations", "AccountService.NpgsqlMigrations\AccountService.NpgsqlMigrations.csproj", "{F6D2AC8B-648B-4272-9357-CA669F324D57}"
EndProject
Global
	GlobalSection(SolutionConfigurationPlatforms) = preSolution
		Debug|Any CPU = Debug|Any CPU
		Debug|x64 = Debug|x64
		Debug|x86 = Debug|x86
		Release|Any CPU = Release|Any CPU
		Release|x64 = Release|x64
		Release|x86 = Release|x86
	EndGlobalSection
	GlobalSection(ProjectConfigurationPlatforms) = postSolution
		{AFE0FC9E-B437-4B70-9E6F-F3F2428B83D9}.Debug|Any CPU.ActiveCfg = Debug|Any CPU
		{AFE0FC9E-B437-4B70-9E6F-F3F2428B83D9}.Debug|Any CPU.Build.0 = Debug|Any CPU
		{AFE0FC9E-B437-4B70-9E6F-F3F2428B83D9}.Debug|x64.ActiveCfg = Debug|Any CPU
		{AFE0FC9E-B437-4B70-9E6F-F3F2428B83D9}.Debug|x64.Build.0 = Debug|Any CPU
		{AFE0FC9E-B437-4B70-9E6F-F3F2428B83D9}.Debug|x86.ActiveCfg = Debug|Any CPU
		{AFE0FC9E-B437-4B70-9E6F-F3F2428B83D9}.Debug|x86.Build.0 = Debug|Any CPU
		{AFE0FC9E-B437-4B70-9E6F-F3F2428B83D9}.Release|Any CPU.ActiveCfg = Release|Any CPU
		{AFE0FC9E-B437-4B70-9E6F-F3F2428B83D9}.Release|Any CPU.Build.0 = Release|Any CPU
		{AFE0FC9E-B437-4B70-9E6F-F3F2428B83D9}.Release|x64.ActiveCfg = Release|Any CPU
		{AFE0FC9E-B437-4B70-9E6F-F3F2428B83D9}.Release|x64.Build.0 = Release|Any CPU
		{AFE0FC9E-B437-4B70-9E6F-F3F2428B83D9}.Release|x86.ActiveCfg = Release|Any CPU
		{AFE0FC9E-B437-4B70-9E6F-F3F2428B83D9}.Release|x86.Build.0 = Release|Any CPU
		{50C934C2-15E7-4C68-A07F-20ADA76B05DD}.Debug|Any CPU.ActiveCfg = Debug|Any CPU
		{50C934C2-15E7-4C68-A07F-20ADA76B05DD}.Debug|Any CPU.Build.0 = Debug|Any CPU
		{50C934C2-15E7-4C68-A07F-20ADA76B05DD}.Debug|x64.ActiveCfg = Debug|Any CPU
		{50C934C2-15E7-4C68-A07F-20ADA76B05DD}.Debug|x64.Build.0 = Debug|Any CPU
		{50C934C2-15E7-4C68-A07F-20ADA76B05DD}.Debug|x86.ActiveCfg = Debug|Any CPU
		{50C934C2-15E7-4C68-A07F-20ADA76B05DD}.Debug|x86.Build.0 = Debug|Any CPU
		{50C934C2-15E7-4C68-A07F-20ADA76B05DD}.Release|Any CPU.ActiveCfg = Release|Any CPU
		{50C934C2-15E7-4C68-A07F-20ADA76B05DD}.Release|Any CPU.Build.0 = Release|Any CPU
		{50C934C2-15E7-4C68-A07F-20ADA76B05DD}.Release|x64.ActiveCfg = Release|Any CPU
		{50C934C2-15E7-4C68-A07F-20ADA76B05DD}.Release|x64.Build.0 = Release|Any CPU
		{50C934C2-15E7-4C68-A07F-20ADA76B05DD}.Release|x86.ActiveCfg = Release|Any CPU
		{50C934C2-15E7-4C68-A07F-20ADA76B05DD}.Release|x86.Build.0 = Release|Any CPU
		{60086466-29F8-440E-B1BB-71511E784500}.Debug|Any CPU.ActiveCfg = Debug|Any CPU
		{60086466-29F8-440E-B1BB-71511E784500}.Debug|Any CPU.Build.0 = Debug|Any CPU
		{60086466-29F8-440E-B1BB-71511E784500}.Debug|x64.ActiveCfg = Debug|Any CPU
		{60086466-29F8-440E-B1BB-71511E784500}.Debug|x64.Build.0 = Debug|Any CPU
		{60086466-29F8-440E-B1BB-71511E784500}.Debug|x86.ActiveCfg = Debug|Any CPU
		{60086466-29F8-440E-B1BB-71511E784500}.Debug|x86.Build.0 = Debug|Any CPU
		{60086466-29F8-440E-B1BB-71511E784500}.Release|Any CPU.ActiveCfg = Release|Any CPU
		{60086466-29F8-440E-B1BB-71511E784500}.Release|Any CPU.Build.0 = Release|Any CPU
		{60086466-29F8-440E-B1BB-71511E784500}.Release|x64.ActiveCfg = Release|Any CPU
		{60086466-29F8-440E-B1BB-71511E784500}.Release|x64.Build.0 = Release|Any CPU
		{60086466-29F8-440E-B1BB-71511E784500}.Release|x86.ActiveCfg = Release|Any CPU
		{60086466-29F8-440E-B1BB-71511E784500}.Release|x86.Build.0 = Release|Any CPU
		{F6D2AC8B-648B-4272-9357-CA669F324D57}.Debug|Any CPU.ActiveCfg = Debug|Any CPU
		{F6D2AC8B-648B-4272-9357-CA669F324D57}.Debug|Any CPU.Build.0 = Debug|Any CPU
		{F6D2AC8B-648B-4272-9357-CA669F324D57}.Debug|x64.ActiveCfg = Debug|Any CPU
		{F6D2AC8B-648B-4272-9357-CA669F324D57}.Debug|x64.Build.0 = Debug|Any CPU
		{F6D2AC8B-648B-4272-9357-CA669F324D57}.Debug|x86.ActiveCfg = Debug|Any CPU
		{F6D2AC8B-648B-4272-9357-CA669F324D57}.Debug|x86.Build.0 = Debug|Any CPU
		{F6D2AC8B-648B-4272-9357-CA669F324D57}.Release|Any CPU.ActiveCfg = Release|Any CPU
		{F6D2AC8B-648B-4272-9357-CA669F324D57}.Release|Any CPU.Build.0 = Release|Any CPU
		{F6D2AC8B-648B-4272-9357-CA669F324D57}.Release|x64.ActiveCfg = Release|Any CPU
		{F6D2AC8B-648B-4272-9357-CA669F324D57}.Release|x64.Build.0 = Release|Any CPU
		{F6D2AC8B-648B-4272-9357-CA669F324D57}.Release|x86.ActiveCfg = Release|Any CPU
		{F6D2AC8B-648B-4272-9357-CA669F324D57}.Release|x86.Build.0 = Release|Any CPU
	EndGlobalSection
	GlobalSection(SolutionProperties) = preSolution
		HideSolutionNode = FALSE
	EndGlobalSection
	GlobalSection(ExtensibilityGlobals) = postSolution
		SolutionGuid = {CD562180-4CBC-417B-9A5F-E9D246C008C0}
	EndGlobalSection
EndGlobal
